
Microsoft Visual Studio Solution File, Format Version 12.00
# Visual Studio Version 16
VisualStudioVersion = 16.0.31105.61
MinimumVisualStudioVersion = 10.0.40219.1
Project("{FAE04EC0-301F-11D3-BF4B-00C04F79EFBC}") = "Minha.Api", "Minha.Api\Minha.Api.csproj", "{F3C56AAD-6DB0-456A-962D-BBDEB4BD2654}"
EndProject
Global
	GlobalSection(SolutionConfigurationPlatforms) = preSolution
		Debug|Any CPU = Debug|Any CPU
		Release|Any CPU = Release|Any CPU
	EndGlobalSection
	GlobalSection(ProjectConfigurationPlatforms) = postSolution
		{F3C56AAD-6DB0-456A-962D-BBDEB4BD2654}.Debug|Any CPU.ActiveCfg = Debug|Any CPU
		{F3C56AAD-6DB0-456A-962D-BBDEB4BD2654}.Debug|Any CPU.Build.0 = Debug|Any CPU
		{F3C56AAD-6DB0-456A-962D-BBDEB4BD2654}.Release|Any CPU.ActiveCfg = Release|Any CPU
		{F3C56AAD-6DB0-456A-962D-BBDEB4BD2654}.Release|Any CPU.Build.0 = Release|Any CPU
	EndGlobalSection
	GlobalSection(SolutionProperties) = preSolution
		HideSolutionNode = FALSE
	EndGlobalSection
	GlobalSection(ExtensibilityGlobals) = postSolution
		SolutionGuid = {A25E5147-6A5D-4E48-8BBA-3E98EF59CD57}
	EndGlobalSection
EndGlobal
